{
  "name": "optolith-character-schema",
  "version": "0.0.3",
  "lockfileVersion": 3,
  "requires": true,
  "packages": {
    "": {
      "name": "optolith-character-schema",
      "version": "0.0.3",
      "license": "MPL-2.0",
      "devDependencies": {
        "@types/node": "^20.9.0",
        "optolith-tsjsonschemamd": "^0.10.0",
        "typescript": "^5.2.2"
      }
    },
    "node_modules/@types/node": {
      "version": "20.9.0",
      "resolved": "https://registry.npmjs.org/@types/node/-/node-20.9.0.tgz",
      "integrity": "sha512-nekiGu2NDb1BcVofVcEKMIwzlx4NjHlcjhoxxKBNLtz15Y1z7MYf549DFvkHSId02Ax6kGwWntIBPC3l/JZcmw==",
      "dev": true,
      "dependencies": {
        "undici-types": "~5.26.4"
      }
    },
    "node_modules/optolith-tsjsonschemamd": {
      "version": "0.10.0",
      "resolved": "https://registry.npmjs.org/optolith-tsjsonschemamd/-/optolith-tsjsonschemamd-0.10.0.tgz",
      "integrity": "sha512-8rNrVcnGGoEiM2ZN0oKWvys/spCb/gZ89lIBrHL0mlSQEpm1oABgnMZF4O481dFN6zKpwp46/qcn4imyfBYmtQ==",
      "dev": true,
      "dependencies": {
        "typescript": "^5.2.2"
      },
      "bin": {
        "otjsmd": "lib/bin/cli.js"
      }
    },
    "node_modules/typescript": {
      "version": "5.2.2",
      "resolved": "https://registry.npmjs.org/typescript/-/typescript-5.2.2.tgz",
      "integrity": "sha512-mI4WrpHsbCIcwT9cF4FZvr80QUeKvsUsUvKDoR+X/7XHQH98xYD8YHZg7ANtz2GtZt/CBq2QJ0thkGJMHfqc1w==",
      "dev": true,
      "bin": {
        "tsc": "bin/tsc",
        "tsserver": "bin/tsserver"
      },
      "engines": {
        "node": ">=14.17"
      }
    },
    "node_modules/undici-types": {
      "version": "5.26.5",
      "resolved": "https://registry.npmjs.org/undici-types/-/undici-types-5.26.5.tgz",
      "integrity": "sha512-JlCMO+ehdEIKqlFxk6IfVoAUVmgz7cU7zD/h9XZ0qzeosSHmUJVOzSQvvYSYWXkFXC+IfLKSIffhv0sVZup6pA==",
      "dev": true
    }
  }
}
